
Microsoft Visual Studio Solution File, Format Version 12.00
# Visual Studio 15
VisualStudioVersion = 15.0.27428.2043
MinimumVisualStudioVersion = 10.0.40219.1
Project("{9A19103F-16F7-4668-BE54-9A1E7A4F7556}") = "TTY.GMP.WebApi", "TTY.GMP.WebApi\TTY.GMP.WebApi.csproj", "{211969A8-0520-41F4-82C5-DF8D8BE1EEA7}"
EndProject
Project("{9A19103F-16F7-4668-BE54-9A1E7A4F7556}") = "TTY.GMP.LOG", "TTY.GMP.LOG\TTY.GMP.LOG.csproj", "{474F0747-25FE-4780-91C1-E8C05EF10DF3}"
EndProject
Project("{9A19103F-16F7-4668-BE54-9A1E7A4F7556}") = "TTY.GMP.IOC", "TTY.GMP.IOC\TTY.GMP.IOC.csproj", "{6241B635-25DC-44D9-875D-73032134E836}"
EndProject
Project("{9A19103F-16F7-4668-BE54-9A1E7A4F7556}") = "TTY.GMP.Utility", "TTY.GMP.Utility\TTY.GMP.Utility.csproj", "{8DEB552F-40A0-4C67-8D5D-0E41776329E2}"
EndProject
Project("{2150E333-8FDC-42A3-9474-1A3956D46DE8}") = "Event", "Event", "{28BFCB39-EEDE-4D45-83AC-459A729C3F8A}"
EndProject
Project("{9A19103F-16F7-4668-BE54-9A1E7A4F7556}") = "TTY.GMP.EventConsumer", "TTY.GMP.EventConsumer\TTY.GMP.EventConsumer.csproj", "{FB93357D-8B53-4B2A-AC69-6CDDB71BFCE3}"
EndProject
Project("{9A19103F-16F7-4668-BE54-9A1E7A4F7556}") = "TTY.GMP.ServiceBus", "TTY.GMP.ServiceBus\TTY.GMP.ServiceBus.csproj", "{A8D1A4FA-B5CB-43A2-B9B4-619ECB50AE04}"
EndProject
Project("{9A19103F-16F7-4668-BE54-9A1E7A4F7556}") = "TTY.GMP.DataCore", "TTY.GMP.DataCore\TTY.GMP.DataCore.csproj", "{BCA1AC8E-5F90-4442-BA28-9A9AAC60B5FD}"
EndProject
Project("{9A19103F-16F7-4668-BE54-9A1E7A4F7556}") = "TTY.GMP.IDataAccess", "TTY.GMP.IDataAccess\TTY.GMP.IDataAccess.csproj", "{B836A5B5-CD33-4ABD-B6CD-D0318B28B0F8}"
EndProject
Project("{9A19103F-16F7-4668-BE54-9A1E7A4F7556}") = "TTY.GMP.DataAccess", "TTY.GMP.DataAccess\TTY.GMP.DataAccess.csproj", "{73F2A08A-456D-4393-9667-DC6C36F317CF}"
EndProject
Project("{9A19103F-16F7-4668-BE54-9A1E7A4F7556}") = "TTY.GMP.IBusiness", "TTY.GMP.IBusiness\TTY.GMP.IBusiness.csproj", "{B6A127C5-2095-4D4B-A9D5-E5C245FC0146}"
EndProject
Project("{9A19103F-16F7-4668-BE54-9A1E7A4F7556}") = "TTY.GMP.Business", "TTY.GMP.Business\TTY.GMP.Business.csproj", "{9B278C59-FCB8-4CDC-A960-F23A360EBC12}"
EndProject
Project("{9A19103F-16F7-4668-BE54-9A1E7A4F7556}") = "TTY.GMP.DaemonService", "TTY.GMP.DaemonService\TTY.GMP.DaemonService.csproj", "{18966ACC-ADE9-4C3D-AEBD-49C7E388B630}"
EndProject
Project("{9A19103F-16F7-4668-BE54-9A1E7A4F7556}") = "TTY.GMP.Entity", "TTY.GMP.Entity\TTY.GMP.Entity.csproj", "{7908DC72-3DAE-4010-93E0-803813C7C1C1}"
EndProject
Project("{9A19103F-16F7-4668-BE54-9A1E7A4F7556}") = "TTY.GMP.Authority", "TTY.GMP.Authority\TTY.GMP.Authority.csproj", "{9F241306-C424-40C9-B577-8CC1EC4BC25A}"
EndProject
Project("{2150E333-8FDC-42A3-9474-1A3956D46DE8}") = "Cache", "Cache", "{7B9E5202-8B9A-4649-9145-D143D8247213}"
EndProject
Project("{9A19103F-16F7-4668-BE54-9A1E7A4F7556}") = "TTY.GMP.ICache", "TTY.GMP.ICache\TTY.GMP.ICache.csproj", "{3A223F45-7DF3-4BAE-A790-9079D85C075E}"
EndProject
Project("{9A19103F-16F7-4668-BE54-9A1E7A4F7556}") = "TTY.GMP.Cache.Redis", "TTY.GMP.Cache.Redis\TTY.GMP.Cache.Redis.csproj", "{54E11E8D-B633-426D-83CE-FFD0CD3B3A62}"
EndProject
Project("{2150E333-8FDC-42A3-9474-1A3956D46DE8}") = "Test", "Test", "{DD5AEF02-D1AA-453B-ADEE-60BAC8D5384D}"
EndProject
Project("{9A19103F-16F7-4668-BE54-9A1E7A4F7556}") = "TTY.GMP.UnitTest", "TTY.GMP.UnitTest\TTY.GMP.UnitTest.csproj", "{B6EECC69-D660-43D2-8F81-2D9D8B829B56}"
EndProject
Project("{9A19103F-16F7-4668-BE54-9A1E7A4F7556}") = "TTY.GMP.Http", "TTY.GMP.Http\TTY.GMP.Http.csproj", "{C3BA83E0-A8C6-4E91-9019-DE06621EAD1C}"
EndProject
Project("{9A19103F-16F7-4668-BE54-9A1E7A4F7556}") = "TTY.GMP.Jobs", "TTY.GMP.Jobs\TTY.GMP.Jobs.csproj", "{7611FFC2-53E8-49C8-812F-3E92E56C83CB}"
EndProject
Project("{9A19103F-16F7-4668-BE54-9A1E7A4F7556}") = "TTY.GMP.IEventProvider", "TTY.GMP.IEventProvider\TTY.GMP.IEventProvider.csproj", "{95DC00CD-BD12-4FED-813A-00401CDD114D}"
EndProject
Project("{9A19103F-16F7-4668-BE54-9A1E7A4F7556}") = "TTY.Event.GMP", "TTY.Event.GMP\TTY.Event.GMP.csproj", "{537622EB-B6AD-4B40-BA7D-3397E398B750}"
EndProject
Project("{2150E333-8FDC-42A3-9474-1A3956D46DE8}") = "BuildingBlocks", "BuildingBlocks", "{7FE43C76-F6B7-4270-A0BE-A95CF32FA004}"
EndProject
Project("{FAE04EC0-301F-11D3-BF4B-00C04F79EFBC}") = "TTY.Api.Throttle", "TTY.Api.Throttle\TTY.Api.Throttle.csproj", "{B92CF9D2-C929-44CC-AF4A-2B49C25476F6}"
EndProject
Global
	GlobalSection(SolutionConfigurationPlatforms) = preSolution
		Debug|Any CPU = Debug|Any CPU
		Release|Any CPU = Release|Any CPU
	EndGlobalSection
	GlobalSection(ProjectConfigurationPlatforms) = postSolution
		{211969A8-0520-41F4-82C5-DF8D8BE1EEA7}.Debug|Any CPU.ActiveCfg = Debug|Any CPU
		{211969A8-0520-41F4-82C5-DF8D8BE1EEA7}.Debug|Any CPU.Build.0 = Debug|Any CPU
		{211969A8-0520-41F4-82C5-DF8D8BE1EEA7}.Release|Any CPU.ActiveCfg = Release|Any CPU
		{211969A8-0520-41F4-82C5-DF8D8BE1EEA7}.Release|Any CPU.Build.0 = Release|Any CPU
		{474F0747-25FE-4780-91C1-E8C05EF10DF3}.Debug|Any CPU.ActiveCfg = Debug|Any CPU
		{474F0747-25FE-4780-91C1-E8C05EF10DF3}.Debug|Any CPU.Build.0 = Debug|Any CPU
		{474F0747-25FE-4780-91C1-E8C05EF10DF3}.Release|Any CPU.ActiveCfg = Release|Any CPU
		{474F0747-25FE-4780-91C1-E8C05EF10DF3}.Release|Any CPU.Build.0 = Release|Any CPU
		{6241B635-25DC-44D9-875D-73032134E836}.Debug|Any CPU.ActiveCfg = Debug|Any CPU
		{6241B635-25DC-44D9-875D-73032134E836}.Debug|Any CPU.Build.0 = Debug|Any CPU
		{6241B635-25DC-44D9-875D-73032134E836}.Release|Any CPU.ActiveCfg = Release|Any CPU
		{6241B635-25DC-44D9-875D-73032134E836}.Release|Any CPU.Build.0 = Release|Any CPU
		{8DEB552F-40A0-4C67-8D5D-0E41776329E2}.Debug|Any CPU.ActiveCfg = Debug|Any CPU
		{8DEB552F-40A0-4C67-8D5D-0E41776329E2}.Debug|Any CPU.Build.0 = Debug|Any CPU
		{8DEB552F-40A0-4C67-8D5D-0E41776329E2}.Release|Any CPU.ActiveCfg = Release|Any CPU
		{8DEB552F-40A0-4C67-8D5D-0E41776329E2}.Release|Any CPU.Build.0 = Release|Any CPU
		{FB93357D-8B53-4B2A-AC69-6CDDB71BFCE3}.Debug|Any CPU.ActiveCfg = Debug|Any CPU
		{FB93357D-8B53-4B2A-AC69-6CDDB71BFCE3}.Debug|Any CPU.Build.0 = Debug|Any CPU
		{FB93357D-8B53-4B2A-AC69-6CDDB71BFCE3}.Release|Any CPU.ActiveCfg = Release|Any CPU
		{FB93357D-8B53-4B2A-AC69-6CDDB71BFCE3}.Release|Any CPU.Build.0 = Release|Any CPU
		{A8D1A4FA-B5CB-43A2-B9B4-619ECB50AE04}.Debug|Any CPU.ActiveCfg = Debug|Any CPU
		{A8D1A4FA-B5CB-43A2-B9B4-619ECB50AE04}.Debug|Any CPU.Build.0 = Debug|Any CPU
		{A8D1A4FA-B5CB-43A2-B9B4-619ECB50AE04}.Release|Any CPU.ActiveCfg = Release|Any CPU
		{A8D1A4FA-B5CB-43A2-B9B4-619ECB50AE04}.Release|Any CPU.Build.0 = Release|Any CPU
		{BCA1AC8E-5F90-4442-BA28-9A9AAC60B5FD}.Debug|Any CPU.ActiveCfg = Debug|Any CPU
		{BCA1AC8E-5F90-4442-BA28-9A9AAC60B5FD}.Debug|Any CPU.Build.0 = Debug|Any CPU
		{BCA1AC8E-5F90-4442-BA28-9A9AAC60B5FD}.Release|Any CPU.ActiveCfg = Release|Any CPU
		{BCA1AC8E-5F90-4442-BA28-9A9AAC60B5FD}.Release|Any CPU.Build.0 = Release|Any CPU
		{B836A5B5-CD33-4ABD-B6CD-D0318B28B0F8}.Debug|Any CPU.ActiveCfg = Debug|Any CPU
		{B836A5B5-CD33-4ABD-B6CD-D0318B28B0F8}.Debug|Any CPU.Build.0 = Debug|Any CPU
		{B836A5B5-CD33-4ABD-B6CD-D0318B28B0F8}.Release|Any CPU.ActiveCfg = Release|Any CPU
		{B836A5B5-CD33-4ABD-B6CD-D0318B28B0F8}.Release|Any CPU.Build.0 = Release|Any CPU
		{73F2A08A-456D-4393-9667-DC6C36F317CF}.Debug|Any CPU.ActiveCfg = Debug|Any CPU
		{73F2A08A-456D-4393-9667-DC6C36F317CF}.Debug|Any CPU.Build.0 = Debug|Any CPU
		{73F2A08A-456D-4393-9667-DC6C36F317CF}.Release|Any CPU.ActiveCfg = Release|Any CPU
		{73F2A08A-456D-4393-9667-DC6C36F317CF}.Release|Any CPU.Build.0 = Release|Any CPU
		{B6A127C5-2095-4D4B-A9D5-E5C245FC0146}.Debug|Any CPU.ActiveCfg = Debug|Any CPU
		{B6A127C5-2095-4D4B-A9D5-E5C245FC0146}.Debug|Any CPU.Build.0 = Debug|Any CPU
		{B6A127C5-2095-4D4B-A9D5-E5C245FC0146}.Release|Any CPU.ActiveCfg = Release|Any CPU
		{B6A127C5-2095-4D4B-A9D5-E5C245FC0146}.Release|Any CPU.Build.0 = Release|Any CPU
		{9B278C59-FCB8-4CDC-A960-F23A360EBC12}.Debug|Any CPU.ActiveCfg = Debug|Any CPU
		{9B278C59-FCB8-4CDC-A960-F23A360EBC12}.Debug|Any CPU.Build.0 = Debug|Any CPU
		{9B278C59-FCB8-4CDC-A960-F23A360EBC12}.Release|Any CPU.ActiveCfg = Release|Any CPU
		{9B278C59-FCB8-4CDC-A960-F23A360EBC12}.Release|Any CPU.Build.0 = Release|Any CPU
		{18966ACC-ADE9-4C3D-AEBD-49C7E388B630}.Debug|Any CPU.ActiveCfg = Debug|Any CPU
		{18966ACC-ADE9-4C3D-AEBD-49C7E388B630}.Debug|Any CPU.Build.0 = Debug|Any CPU
		{18966ACC-ADE9-4C3D-AEBD-49C7E388B630}.Release|Any CPU.ActiveCfg = Release|Any CPU
		{18966ACC-ADE9-4C3D-AEBD-49C7E388B630}.Release|Any CPU.Build.0 = Release|Any CPU
		{7908DC72-3DAE-4010-93E0-803813C7C1C1}.Debug|Any CPU.ActiveCfg = Debug|Any CPU
		{7908DC72-3DAE-4010-93E0-803813C7C1C1}.Debug|Any CPU.Build.0 = Debug|Any CPU
		{7908DC72-3DAE-4010-93E0-803813C7C1C1}.Release|Any CPU.ActiveCfg = Release|Any CPU
		{7908DC72-3DAE-4010-93E0-803813C7C1C1}.Release|Any CPU.Build.0 = Release|Any CPU
		{9F241306-C424-40C9-B577-8CC1EC4BC25A}.Debug|Any CPU.ActiveCfg = Debug|Any CPU
		{9F241306-C424-40C9-B577-8CC1EC4BC25A}.Debug|Any CPU.Build.0 = Debug|Any CPU
		{9F241306-C424-40C9-B577-8CC1EC4BC25A}.Release|Any CPU.ActiveCfg = Release|Any CPU
		{9F241306-C424-40C9-B577-8CC1EC4BC25A}.Release|Any CPU.Build.0 = Release|Any CPU
		{3A223F45-7DF3-4BAE-A790-9079D85C075E}.Debug|Any CPU.ActiveCfg = Debug|Any CPU
		{3A223F45-7DF3-4BAE-A790-9079D85C075E}.Debug|Any CPU.Build.0 = Debug|Any CPU
		{3A223F45-7DF3-4BAE-A790-9079D85C075E}.Release|Any CPU.ActiveCfg = Release|Any CPU
		{3A223F45-7DF3-4BAE-A790-9079D85C075E}.Release|Any CPU.Build.0 = Release|Any CPU
		{54E11E8D-B633-426D-83CE-FFD0CD3B3A62}.Debug|Any CPU.ActiveCfg = Debug|Any CPU
		{54E11E8D-B633-426D-83CE-FFD0CD3B3A62}.Debug|Any CPU.Build.0 = Debug|Any CPU
		{54E11E8D-B633-426D-83CE-FFD0CD3B3A62}.Release|Any CPU.ActiveCfg = Release|Any CPU
		{54E11E8D-B633-426D-83CE-FFD0CD3B3A62}.Release|Any CPU.Build.0 = Release|Any CPU
		{B6EECC69-D660-43D2-8F81-2D9D8B829B56}.Debug|Any CPU.ActiveCfg = Debug|Any CPU
		{B6EECC69-D660-43D2-8F81-2D9D8B829B56}.Debug|Any CPU.Build.0 = Debug|Any CPU
		{B6EECC69-D660-43D2-8F81-2D9D8B829B56}.Release|Any CPU.ActiveCfg = Release|Any CPU
		{B6EECC69-D660-43D2-8F81-2D9D8B829B56}.Release|Any CPU.Build.0 = Release|Any CPU
		{C3BA83E0-A8C6-4E91-9019-DE06621EAD1C}.Debug|Any CPU.ActiveCfg = Debug|Any CPU
		{C3BA83E0-A8C6-4E91-9019-DE06621EAD1C}.Debug|Any CPU.Build.0 = Debug|Any CPU
		{C3BA83E0-A8C6-4E91-9019-DE06621EAD1C}.Release|Any CPU.ActiveCfg = Release|Any CPU
		{C3BA83E0-A8C6-4E91-9019-DE06621EAD1C}.Release|Any CPU.Build.0 = Release|Any CPU
		{7611FFC2-53E8-49C8-812F-3E92E56C83CB}.Debug|Any CPU.ActiveCfg = Debug|Any CPU
		{7611FFC2-53E8-49C8-812F-3E92E56C83CB}.Debug|Any CPU.Build.0 = Debug|Any CPU
		{7611FFC2-53E8-49C8-812F-3E92E56C83CB}.Release|Any CPU.ActiveCfg = Release|Any CPU
		{7611FFC2-53E8-49C8-812F-3E92E56C83CB}.Release|Any CPU.Build.0 = Release|Any CPU
		{95DC00CD-BD12-4FED-813A-00401CDD114D}.Debug|Any CPU.ActiveCfg = Debug|Any CPU
		{95DC00CD-BD12-4FED-813A-00401CDD114D}.Debug|Any CPU.Build.0 = Debug|Any CPU
		{95DC00CD-BD12-4FED-813A-00401CDD114D}.Release|Any CPU.ActiveCfg = Release|Any CPU
		{95DC00CD-BD12-4FED-813A-00401CDD114D}.Release|Any CPU.Build.0 = Release|Any CPU
		{537622EB-B6AD-4B40-BA7D-3397E398B750}.Debug|Any CPU.ActiveCfg = Debug|Any CPU
		{537622EB-B6AD-4B40-BA7D-3397E398B750}.Debug|Any CPU.Build.0 = Debug|Any CPU
		{537622EB-B6AD-4B40-BA7D-3397E398B750}.Release|Any CPU.ActiveCfg = Release|Any CPU
		{537622EB-B6AD-4B40-BA7D-3397E398B750}.Release|Any CPU.Build.0 = Release|Any CPU
		{B92CF9D2-C929-44CC-AF4A-2B49C25476F6}.Debug|Any CPU.ActiveCfg = Debug|Any CPU
		{B92CF9D2-C929-44CC-AF4A-2B49C25476F6}.Debug|Any CPU.Build.0 = Debug|Any CPU
		{B92CF9D2-C929-44CC-AF4A-2B49C25476F6}.Release|Any CPU.ActiveCfg = Release|Any CPU
		{B92CF9D2-C929-44CC-AF4A-2B49C25476F6}.Release|Any CPU.Build.0 = Release|Any CPU
	EndGlobalSection
	GlobalSection(SolutionProperties) = preSolution
		HideSolutionNode = FALSE
	EndGlobalSection
	GlobalSection(NestedProjects) = preSolution
		{FB93357D-8B53-4B2A-AC69-6CDDB71BFCE3} = {28BFCB39-EEDE-4D45-83AC-459A729C3F8A}
		{A8D1A4FA-B5CB-43A2-B9B4-619ECB50AE04} = {28BFCB39-EEDE-4D45-83AC-459A729C3F8A}
		{3A223F45-7DF3-4BAE-A790-9079D85C075E} = {7B9E5202-8B9A-4649-9145-D143D8247213}
		{54E11E8D-B633-426D-83CE-FFD0CD3B3A62} = {7B9E5202-8B9A-4649-9145-D143D8247213}
		{B6EECC69-D660-43D2-8F81-2D9D8B829B56} = {DD5AEF02-D1AA-453B-ADEE-60BAC8D5384D}
		{95DC00CD-BD12-4FED-813A-00401CDD114D} = {28BFCB39-EEDE-4D45-83AC-459A729C3F8A}
		{537622EB-B6AD-4B40-BA7D-3397E398B750} = {28BFCB39-EEDE-4D45-83AC-459A729C3F8A}
		{B92CF9D2-C929-44CC-AF4A-2B49C25476F6} = {7FE43C76-F6B7-4270-A0BE-A95CF32FA004}
	EndGlobalSection
	GlobalSection(ExtensibilityGlobals) = postSolution
		SolutionGuid = {4A80BA87-21E1-47FF-8CCC-C0A2AB8CD78A}
	EndGlobalSection
EndGlobal
